
Microsoft Visual Studio Solution File, Format Version 12.00
# Visual Studio Version 16
VisualStudioVersion = 16.0.810.8
MinimumVisualStudioVersion = 10.0.40219.1
Project("{FAE04EC0-301F-11D3-BF4B-00C04F79EFBC}") = "myBank", "myBank\myBank.csproj", "{7AE366A8-3997-45FD-9167-47BB875F1925}"
EndProject
Project("{2150E333-8FDC-42A3-9474-1A3956D46DE8}") = "Solution Items", "Solution Items", "{C9E283CD-FE98-4C86-82C8-C1FC64BA53DB}"
	ProjectSection(SolutionItems) = preProject
		Readme.md = Readme.md
	EndProjectSection
EndProject
Global
	GlobalSection(SolutionConfigurationPlatforms) = preSolution
		Debug|anycpu = Debug|anycpu
		Release|anycpu = Release|anycpu
	EndGlobalSection
	GlobalSection(ProjectConfigurationPlatforms) = postSolution
		{7AE366A8-3997-45FD-9167-47BB875F1925}.Debug|anycpu.ActiveCfg = Debug|anycpu
		{7AE366A8-3997-45FD-9167-47BB875F1925}.Debug|anycpu.Build.0 = Debug|anycpu
		{7AE366A8-3997-45FD-9167-47BB875F1925}.Release|anycpu.ActiveCfg = Release|anycpu
		{7AE366A8-3997-45FD-9167-47BB875F1925}.Release|anycpu.Build.0 = Release|anycpu
	EndGlobalSection
	GlobalSection(SolutionProperties) = preSolution
		HideSolutionNode = FALSE
	EndGlobalSection
	GlobalSection(ExtensibilityGlobals) = postSolution
		SolutionGuid = {268C4393-6ECD-455B-9F86-887C82F50AB5}
	EndGlobalSection
EndGlobal
